
Microsoft Visual Studio Solution File, Format Version 12.00
# Visual Studio Version 17
VisualStudioVersion = 17.0.32112.339
MinimumVisualStudioVersion = 10.0.40219.1
Project("{2150E333-8FDC-42A3-9474-1A3956D46DE8}") = "Services", "Services", "{180AC7A1-033C-4CF0-8CE3-A20E4DE5845C}"
EndProject
Project("{2150E333-8FDC-42A3-9474-1A3956D46DE8}") = "Catalog", "Catalog", "{A15DD43B-C5C4-4896-A17D-2D2E659C741D}"
EndProject
Project("{9A19103F-16F7-4668-BE54-9A1E7A4F7556}") = "Catalog.API", "Services\Catalog\Catalog.API\Catalog.API.csproj", "{EB44A2BD-94BA-4B16-A5BB-6847DBF457AC}"
EndProject
Project("{E53339B2-1760-4266-BCC7-CA923CBCF16C}") = "docker-compose", "docker-compose.dcproj", "{F2E4F7BE-DD93-42C1-A3E1-2710B4CC17FE}"
EndProject
Project("{2150E333-8FDC-42A3-9474-1A3956D46DE8}") = "Basket", "Basket", "{23517F93-1CAC-42D9-A929-CC764738A56D}"
EndProject
Project("{9A19103F-16F7-4668-BE54-9A1E7A4F7556}") = "Basket.API", "Services\Basket\Basket.API\Basket.API.csproj", "{AEC47DFF-D608-49EA-8A8C-6B195877991E}"
EndProject
Project("{2150E333-8FDC-42A3-9474-1A3956D46DE8}") = "Discount", "Discount", "{F9933B1A-C3E1-468F-B274-426DE77D7766}"
EndProject
Project("{9A19103F-16F7-4668-BE54-9A1E7A4F7556}") = "Discount.API", "Services\Discount\Discount.API\Discount.API.csproj", "{035A9BA1-31D3-476C-802A-0B2E9AD0D05F}"
EndProject
Project("{FAE04EC0-301F-11D3-BF4B-00C04F79EFBC}") = "Discount.Grpc", "Services\Discount\Discount.Grpc\Discount.Grpc.csproj", "{0A6DDD49-7291-44BF-9107-457D2EC90257}"
EndProject
Global
	GlobalSection(SolutionConfigurationPlatforms) = preSolution
		Debug|Any CPU = Debug|Any CPU
		Release|Any CPU = Release|Any CPU
	EndGlobalSection
	GlobalSection(ProjectConfigurationPlatforms) = postSolution
		{EB44A2BD-94BA-4B16-A5BB-6847DBF457AC}.Debug|Any CPU.ActiveCfg = Debug|Any CPU
		{EB44A2BD-94BA-4B16-A5BB-6847DBF457AC}.Debug|Any CPU.Build.0 = Debug|Any CPU
		{EB44A2BD-94BA-4B16-A5BB-6847DBF457AC}.Release|Any CPU.ActiveCfg = Release|Any CPU
		{EB44A2BD-94BA-4B16-A5BB-6847DBF457AC}.Release|Any CPU.Build.0 = Release|Any CPU
		{F2E4F7BE-DD93-42C1-A3E1-2710B4CC17FE}.Debug|Any CPU.ActiveCfg = Debug|Any CPU
		{F2E4F7BE-DD93-42C1-A3E1-2710B4CC17FE}.Debug|Any CPU.Build.0 = Debug|Any CPU
		{F2E4F7BE-DD93-42C1-A3E1-2710B4CC17FE}.Release|Any CPU.ActiveCfg = Release|Any CPU
		{F2E4F7BE-DD93-42C1-A3E1-2710B4CC17FE}.Release|Any CPU.Build.0 = Release|Any CPU
		{AEC47DFF-D608-49EA-8A8C-6B195877991E}.Debug|Any CPU.ActiveCfg = Debug|Any CPU
		{AEC47DFF-D608-49EA-8A8C-6B195877991E}.Debug|Any CPU.Build.0 = Debug|Any CPU
		{AEC47DFF-D608-49EA-8A8C-6B195877991E}.Release|Any CPU.ActiveCfg = Release|Any CPU
		{AEC47DFF-D608-49EA-8A8C-6B195877991E}.Release|Any CPU.Build.0 = Release|Any CPU
		{035A9BA1-31D3-476C-802A-0B2E9AD0D05F}.Debug|Any CPU.ActiveCfg = Debug|Any CPU
		{035A9BA1-31D3-476C-802A-0B2E9AD0D05F}.Debug|Any CPU.Build.0 = Debug|Any CPU
		{035A9BA1-31D3-476C-802A-0B2E9AD0D05F}.Release|Any CPU.ActiveCfg = Release|Any CPU
		{035A9BA1-31D3-476C-802A-0B2E9AD0D05F}.Release|Any CPU.Build.0 = Release|Any CPU
		{0A6DDD49-7291-44BF-9107-457D2EC90257}.Debug|Any CPU.ActiveCfg = Debug|Any CPU
		{0A6DDD49-7291-44BF-9107-457D2EC90257}.Debug|Any CPU.Build.0 = Debug|Any CPU
		{0A6DDD49-7291-44BF-9107-457D2EC90257}.Release|Any CPU.ActiveCfg = Release|Any CPU
		{0A6DDD49-7291-44BF-9107-457D2EC90257}.Release|Any CPU.Build.0 = Release|Any CPU
	EndGlobalSection
	GlobalSection(SolutionProperties) = preSolution
		HideSolutionNode = FALSE
	EndGlobalSection
	GlobalSection(NestedProjects) = preSolution
		{A15DD43B-C5C4-4896-A17D-2D2E659C741D} = {180AC7A1-033C-4CF0-8CE3-A20E4DE5845C}
		{EB44A2BD-94BA-4B16-A5BB-6847DBF457AC} = {A15DD43B-C5C4-4896-A17D-2D2E659C741D}
		{23517F93-1CAC-42D9-A929-CC764738A56D} = {180AC7A1-033C-4CF0-8CE3-A20E4DE5845C}
		{AEC47DFF-D608-49EA-8A8C-6B195877991E} = {23517F93-1CAC-42D9-A929-CC764738A56D}
		{F9933B1A-C3E1-468F-B274-426DE77D7766} = {180AC7A1-033C-4CF0-8CE3-A20E4DE5845C}
		{035A9BA1-31D3-476C-802A-0B2E9AD0D05F} = {F9933B1A-C3E1-468F-B274-426DE77D7766}
		{0A6DDD49-7291-44BF-9107-457D2EC90257} = {F9933B1A-C3E1-468F-B274-426DE77D7766}
	EndGlobalSection
	GlobalSection(ExtensibilityGlobals) = postSolution
		SolutionGuid = {7398A3E9-9F25-4628-A48E-3D7052BB91BF}
	EndGlobalSection
EndGlobal
